
Microsoft Visual Studio Solution File, Format Version 12.00
# Visual Studio Version 17
VisualStudioVersion = 17.3.32901.215
MinimumVisualStudioVersion = 10.0.40219.1
Project("{FAE04EC0-301F-11D3-BF4B-00C04F79EFBC}") = "SurpriseForGirlfriend", "SurpriseForGirlfriend.csproj", "{B1570669-E04B-42AB-A8C1-2CD7130CCCF9}"
EndProject
Global
	GlobalSection(SolutionConfigurationPlatforms) = preSolution
		Debug|Any CPU = Debug|Any CPU
		Release|Any CPU = Release|Any CPU
	EndGlobalSection
	GlobalSection(ProjectConfigurationPlatforms) = postSolution
		{B1570669-E04B-42AB-A8C1-2CD7130CCCF9}.Debug|Any CPU.ActiveCfg = Debug|Any CPU
		{B1570669-E04B-42AB-A8C1-2CD7130CCCF9}.Debug|Any CPU.Build.0 = Debug|Any CPU
		{B1570669-E04B-42AB-A8C1-2CD7130CCCF9}.Release|Any CPU.ActiveCfg = Release|Any CPU
		{B1570669-E04B-42AB-A8C1-2CD7130CCCF9}.Release|Any CPU.Build.0 = Release|Any CPU
	EndGlobalSection
	GlobalSection(SolutionProperties) = preSolution
		HideSolutionNode = FALSE
	EndGlobalSection
	GlobalSection(ExtensibilityGlobals) = postSolution
		SolutionGuid = {E0305372-1703-4580-9218-FDC89E91A852}
	EndGlobalSection
EndGlobal
